
Microsoft Visual Studio Solution File, Format Version 12.00
# Visual Studio Version 17
VisualStudioVersion = 17.12.35707.178
MinimumVisualStudioVersion = 10.0.40219.1
Project("{FAE04EC0-301F-11D3-BF4B-00C04F79EFBC}") = "NetDockerWebApp", "NetDockerApp\NetDockerWebApp.csproj", "{7BEDA093-BE8B-4EA8-845E-C81EF766A333}"
EndProject
Project("{FAE04EC0-301F-11D3-BF4B-00C04F79EFBC}") = "NetDocker.API", "NetDockerAPI\NetDocker.API.csproj", "{DB56B063-8366-476B-BF10-729366E3B69E}"
EndProject
Project("{FAE04EC0-301F-11D3-BF4B-00C04F79EFBC}") = "UserDatabaseCore", "UserDatabaseCore\UserDatabaseCore.csproj", "{944A7671-4822-4C69-97E9-F852C0ACD03F}"
EndProject
Project("{FAE04EC0-301F-11D3-BF4B-00C04F79EFBC}") = "NetDockerWebApp.Client", "SignInClient\NetDockerWebApp.Client.csproj", "{520F3D76-24C9-4E36-BC69-0460A02A9EBB}"
EndProject
Project("{FAE04EC0-301F-11D3-BF4B-00C04F79EFBC}") = "App.Dto", "App.Dto\App.Dto.csproj", "{4229E915-662B-4D55-BC18-D75BF2B53234}"
EndProject
Global
	GlobalSection(SolutionConfigurationPlatforms) = preSolution
		Debug|Any CPU = Debug|Any CPU
		Release|Any CPU = Release|Any CPU
	EndGlobalSection
	GlobalSection(ProjectConfigurationPlatforms) = postSolution
		{7BEDA093-BE8B-4EA8-845E-C81EF766A333}.Debug|Any CPU.ActiveCfg = Debug|Any CPU
		{7BEDA093-BE8B-4EA8-845E-C81EF766A333}.Debug|Any CPU.Build.0 = Debug|Any CPU
		{7BEDA093-BE8B-4EA8-845E-C81EF766A333}.Release|Any CPU.ActiveCfg = Release|Any CPU
		{7BEDA093-BE8B-4EA8-845E-C81EF766A333}.Release|Any CPU.Build.0 = Release|Any CPU
		{DB56B063-8366-476B-BF10-729366E3B69E}.Debug|Any CPU.ActiveCfg = Debug|Any CPU
		{DB56B063-8366-476B-BF10-729366E3B69E}.Debug|Any CPU.Build.0 = Debug|Any CPU
		{DB56B063-8366-476B-BF10-729366E3B69E}.Release|Any CPU.ActiveCfg = Release|Any CPU
		{DB56B063-8366-476B-BF10-729366E3B69E}.Release|Any CPU.Build.0 = Release|Any CPU
		{944A7671-4822-4C69-97E9-F852C0ACD03F}.Debug|Any CPU.ActiveCfg = Debug|Any CPU
		{944A7671-4822-4C69-97E9-F852C0ACD03F}.Debug|Any CPU.Build.0 = Debug|Any CPU
		{944A7671-4822-4C69-97E9-F852C0ACD03F}.Release|Any CPU.ActiveCfg = Release|Any CPU
		{944A7671-4822-4C69-97E9-F852C0ACD03F}.Release|Any CPU.Build.0 = Release|Any CPU
		{520F3D76-24C9-4E36-BC69-0460A02A9EBB}.Debug|Any CPU.ActiveCfg = Debug|Any CPU
		{520F3D76-24C9-4E36-BC69-0460A02A9EBB}.Debug|Any CPU.Build.0 = Debug|Any CPU
		{520F3D76-24C9-4E36-BC69-0460A02A9EBB}.Release|Any CPU.ActiveCfg = Release|Any CPU
		{520F3D76-24C9-4E36-BC69-0460A02A9EBB}.Release|Any CPU.Build.0 = Release|Any CPU
		{4229E915-662B-4D55-BC18-D75BF2B53234}.Debug|Any CPU.ActiveCfg = Debug|Any CPU
		{4229E915-662B-4D55-BC18-D75BF2B53234}.Debug|Any CPU.Build.0 = Debug|Any CPU
		{4229E915-662B-4D55-BC18-D75BF2B53234}.Release|Any CPU.ActiveCfg = Release|Any CPU
		{4229E915-662B-4D55-BC18-D75BF2B53234}.Release|Any CPU.Build.0 = Release|Any CPU
	EndGlobalSection
	GlobalSection(SolutionProperties) = preSolution
		HideSolutionNode = FALSE
	EndGlobalSection
EndGlobal
